
Microsoft Visual Studio Solution File, Format Version 12.00
# Visual Studio Version 16
VisualStudioVersion = 16.0.31605.320
MinimumVisualStudioVersion = 10.0.40219.1
Project("{FAE04EC0-301F-11D3-BF4B-00C04F79EFBC}") = "ArrayList", "ArrayList.csproj", "{297AD7B2-2D95-4ECF-9479-1A0399F699F9}"
EndProject
Global
	GlobalSection(SolutionConfigurationPlatforms) = preSolution
		Debug|Any CPU = Debug|Any CPU
		Release|Any CPU = Release|Any CPU
	EndGlobalSection
	GlobalSection(ProjectConfigurationPlatforms) = postSolution
		{297AD7B2-2D95-4ECF-9479-1A0399F699F9}.Debug|Any CPU.ActiveCfg = Debug|Any CPU
		{297AD7B2-2D95-4ECF-9479-1A0399F699F9}.Debug|Any CPU.Build.0 = Debug|Any CPU
		{297AD7B2-2D95-4ECF-9479-1A0399F699F9}.Release|Any CPU.ActiveCfg = Release|Any CPU
		{297AD7B2-2D95-4ECF-9479-1A0399F699F9}.Release|Any CPU.Build.0 = Release|Any CPU
	EndGlobalSection
	GlobalSection(SolutionProperties) = preSolution
		HideSolutionNode = FALSE
	EndGlobalSection
	GlobalSection(ExtensibilityGlobals) = postSolution
		SolutionGuid = {F66FB2BF-9FDE-4C90-9F2D-2411960A0BE8}
	EndGlobalSection
EndGlobal
