
Microsoft Visual Studio Solution File, Format Version 12.00
# Visual Studio Version 16
VisualStudioVersion = 16.0.31605.320
MinimumVisualStudioVersion = 10.0.40219.1
Project("{FAE04EC0-301F-11D3-BF4B-00C04F79EFBC}") = "Chapter4Practice", "Chapter4Practice.csproj", "{215CBCFF-5CB7-4545-B819-89378382DFAD}"
EndProject
Global
	GlobalSection(SolutionConfigurationPlatforms) = preSolution
		Debug|Any CPU = Debug|Any CPU
		Release|Any CPU = Release|Any CPU
	EndGlobalSection
	GlobalSection(ProjectConfigurationPlatforms) = postSolution
		{215CBCFF-5CB7-4545-B819-89378382DFAD}.Debug|Any CPU.ActiveCfg = Debug|Any CPU
		{215CBCFF-5CB7-4545-B819-89378382DFAD}.Debug|Any CPU.Build.0 = Debug|Any CPU
		{215CBCFF-5CB7-4545-B819-89378382DFAD}.Release|Any CPU.ActiveCfg = Release|Any CPU
		{215CBCFF-5CB7-4545-B819-89378382DFAD}.Release|Any CPU.Build.0 = Release|Any CPU
	EndGlobalSection
	GlobalSection(SolutionProperties) = preSolution
		HideSolutionNode = FALSE
	EndGlobalSection
	GlobalSection(ExtensibilityGlobals) = postSolution
		SolutionGuid = {CDA21BD2-DB21-4BA2-AC72-CD27AD1D84D8}
	EndGlobalSection
EndGlobal
